
Microsoft Visual Studio Solution File, Format Version 12.00
# Visual Studio Version 16
VisualStudioVersion = 25.0.1700.0
MinimumVisualStudioVersion = 10.0.40219.1
Project("{FAE04EC0-301F-11D3-BF4B-00C04F79EFBC}") = "Client", "Accounting\Client\Client.csproj", "{D44472AB-3565-42DD-86B1-FCDCF0D87140}"
EndProject
Project("{FAE04EC0-301F-11D3-BF4B-00C04F79EFBC}") = "WebApi", "Accounting\Server\WebApi\WebApi.csproj", "{8B06D02D-D355-4583-B7E5-E96CF050CE65}"
EndProject
Project("{2150E333-8FDC-42A3-9474-1A3956D46DE8}") = "Solution Items", "Solution Items", "{6E692565-5456-4181-BD6B-4188F6BF3E63}"
	ProjectSection(SolutionItems) = preProject
		README.md = README.md
		LICENSE = LICENSE
		tye.yaml = tye.yaml
		nginx.conf = nginx.conf
	EndProjectSection
EndProject
Project("{2150E333-8FDC-42A3-9474-1A3956D46DE8}") = "Server", "Server", "{4A1850E7-F3F7-41CC-929A-E2C2795AA29E}"
EndProject
Project("{FAE04EC0-301F-11D3-BF4B-00C04F79EFBC}") = "Application", "Accounting\Server\Application\Application.csproj", "{13C9DEB0-991B-4037-B145-CAF3550C17A6}"
EndProject
Project("{FAE04EC0-301F-11D3-BF4B-00C04F79EFBC}") = "Infrastructure", "Accounting\Server\Infrastructure\Infrastructure.csproj", "{BE6EDC4F-D9CF-46D0-9C6F-63CDD53E6793}"
EndProject
Project("{FAE04EC0-301F-11D3-BF4B-00C04F79EFBC}") = "Domain", "Accounting\Server\Domain\Domain.csproj", "{1C4838D4-0160-4D16-9055-4DB35F3342FF}"
EndProject
Project("{FAE04EC0-301F-11D3-BF4B-00C04F79EFBC}") = "Transactions.Contracts", "Transactions\Transactions.Contracts\Transactions.Contracts.csproj", "{992C6756-F562-48DB-9DF4-81DFB1FF5C6D}"
EndProject
Project("{FAE04EC0-301F-11D3-BF4B-00C04F79EFBC}") = "Transactions", "Transactions\Transactions\Transactions.csproj", "{F444B2D7-BE2D-4027-86A3-6D32F4B7CC3B}"
EndProject
Project("{FAE04EC0-301F-11D3-BF4B-00C04F79EFBC}") = "Accountant", "Accounting\Accountant\Accountant.csproj", "{AD438943-2DE2-47C8-92E5-5A3172BCDE04}"
EndProject
Project("{FAE04EC0-301F-11D3-BF4B-00C04F79EFBC}") = "Accounting.Client", "Accounting\Accounting.Client\Accounting.Client.csproj", "{152DB86F-76A8-4417-B0C1-1323B99D7883}"
EndProject
Project("{FAE04EC0-301F-11D3-BF4B-00C04F79EFBC}") = "Invoices.Contracts", "Invoices\Invoices.Contracts\Invoices.Contracts.csproj", "{D3CD1A93-9F80-4E4F-9E79-11435D7DE8E6}"
EndProject
Project("{FAE04EC0-301F-11D3-BF4B-00C04F79EFBC}") = "Invoices", "Invoices\Invoices\Invoices.csproj", "{C1ABE473-98DE-46D9-8FAB-1F72C607A660}"
EndProject
Project("{FAE04EC0-301F-11D3-BF4B-00C04F79EFBC}") = "Invoices.Client", "Invoices\Invoices.Client\Invoices.Client.csproj", "{F39FD7AC-EBA4-40A5-B2F8-754F45BF8810}"
EndProject
Project("{2150E333-8FDC-42A3-9474-1A3956D46DE8}") = "Transactions", "Transactions", "{F8B4A107-11AF-4F67-9C2C-0063CF6AFDD5}"
EndProject
Project("{2150E333-8FDC-42A3-9474-1A3956D46DE8}") = "Accounting", "Accounting", "{06218549-32FA-4CD4-8091-1AD0C5C87AC3}"
EndProject
Project("{2150E333-8FDC-42A3-9474-1A3956D46DE8}") = "Invoices", "Invoices", "{3011C5D4-2D55-48DB-9A1F-FD66E0887BDE}"
EndProject
Global
	GlobalSection(SolutionConfigurationPlatforms) = preSolution
		Debug|Any CPU = Debug|Any CPU
		Release|Any CPU = Release|Any CPU
	EndGlobalSection
	GlobalSection(ProjectConfigurationPlatforms) = postSolution
		{D44472AB-3565-42DD-86B1-FCDCF0D87140}.Debug|Any CPU.ActiveCfg = Debug|Any CPU
		{D44472AB-3565-42DD-86B1-FCDCF0D87140}.Debug|Any CPU.Build.0 = Debug|Any CPU
		{D44472AB-3565-42DD-86B1-FCDCF0D87140}.Release|Any CPU.ActiveCfg = Release|Any CPU
		{D44472AB-3565-42DD-86B1-FCDCF0D87140}.Release|Any CPU.Build.0 = Release|Any CPU
		{8B06D02D-D355-4583-B7E5-E96CF050CE65}.Debug|Any CPU.ActiveCfg = Debug|Any CPU
		{8B06D02D-D355-4583-B7E5-E96CF050CE65}.Debug|Any CPU.Build.0 = Debug|Any CPU
		{8B06D02D-D355-4583-B7E5-E96CF050CE65}.Release|Any CPU.ActiveCfg = Release|Any CPU
		{8B06D02D-D355-4583-B7E5-E96CF050CE65}.Release|Any CPU.Build.0 = Release|Any CPU
		{13C9DEB0-991B-4037-B145-CAF3550C17A6}.Debug|Any CPU.ActiveCfg = Debug|Any CPU
		{13C9DEB0-991B-4037-B145-CAF3550C17A6}.Debug|Any CPU.Build.0 = Debug|Any CPU
		{13C9DEB0-991B-4037-B145-CAF3550C17A6}.Release|Any CPU.ActiveCfg = Release|Any CPU
		{13C9DEB0-991B-4037-B145-CAF3550C17A6}.Release|Any CPU.Build.0 = Release|Any CPU
		{BE6EDC4F-D9CF-46D0-9C6F-63CDD53E6793}.Debug|Any CPU.ActiveCfg = Debug|Any CPU
		{BE6EDC4F-D9CF-46D0-9C6F-63CDD53E6793}.Debug|Any CPU.Build.0 = Debug|Any CPU
		{BE6EDC4F-D9CF-46D0-9C6F-63CDD53E6793}.Release|Any CPU.ActiveCfg = Release|Any CPU
		{BE6EDC4F-D9CF-46D0-9C6F-63CDD53E6793}.Release|Any CPU.Build.0 = Release|Any CPU
		{1C4838D4-0160-4D16-9055-4DB35F3342FF}.Debug|Any CPU.ActiveCfg = Debug|Any CPU
		{1C4838D4-0160-4D16-9055-4DB35F3342FF}.Debug|Any CPU.Build.0 = Debug|Any CPU
		{1C4838D4-0160-4D16-9055-4DB35F3342FF}.Release|Any CPU.ActiveCfg = Release|Any CPU
		{1C4838D4-0160-4D16-9055-4DB35F3342FF}.Release|Any CPU.Build.0 = Release|Any CPU
		{992C6756-F562-48DB-9DF4-81DFB1FF5C6D}.Debug|Any CPU.ActiveCfg = Debug|Any CPU
		{992C6756-F562-48DB-9DF4-81DFB1FF5C6D}.Debug|Any CPU.Build.0 = Debug|Any CPU
		{992C6756-F562-48DB-9DF4-81DFB1FF5C6D}.Release|Any CPU.ActiveCfg = Release|Any CPU
		{992C6756-F562-48DB-9DF4-81DFB1FF5C6D}.Release|Any CPU.Build.0 = Release|Any CPU
		{F444B2D7-BE2D-4027-86A3-6D32F4B7CC3B}.Debug|Any CPU.ActiveCfg = Debug|Any CPU
		{F444B2D7-BE2D-4027-86A3-6D32F4B7CC3B}.Debug|Any CPU.Build.0 = Debug|Any CPU
		{F444B2D7-BE2D-4027-86A3-6D32F4B7CC3B}.Release|Any CPU.ActiveCfg = Release|Any CPU
		{F444B2D7-BE2D-4027-86A3-6D32F4B7CC3B}.Release|Any CPU.Build.0 = Release|Any CPU
		{AD438943-2DE2-47C8-92E5-5A3172BCDE04}.Debug|Any CPU.ActiveCfg = Debug|Any CPU
		{AD438943-2DE2-47C8-92E5-5A3172BCDE04}.Debug|Any CPU.Build.0 = Debug|Any CPU
		{AD438943-2DE2-47C8-92E5-5A3172BCDE04}.Release|Any CPU.ActiveCfg = Release|Any CPU
		{AD438943-2DE2-47C8-92E5-5A3172BCDE04}.Release|Any CPU.Build.0 = Release|Any CPU
		{152DB86F-76A8-4417-B0C1-1323B99D7883}.Debug|Any CPU.ActiveCfg = Debug|Any CPU
		{152DB86F-76A8-4417-B0C1-1323B99D7883}.Debug|Any CPU.Build.0 = Debug|Any CPU
		{152DB86F-76A8-4417-B0C1-1323B99D7883}.Release|Any CPU.ActiveCfg = Release|Any CPU
		{152DB86F-76A8-4417-B0C1-1323B99D7883}.Release|Any CPU.Build.0 = Release|Any CPU
		{D3CD1A93-9F80-4E4F-9E79-11435D7DE8E6}.Debug|Any CPU.ActiveCfg = Debug|Any CPU
		{D3CD1A93-9F80-4E4F-9E79-11435D7DE8E6}.Debug|Any CPU.Build.0 = Debug|Any CPU
		{D3CD1A93-9F80-4E4F-9E79-11435D7DE8E6}.Release|Any CPU.ActiveCfg = Release|Any CPU
		{D3CD1A93-9F80-4E4F-9E79-11435D7DE8E6}.Release|Any CPU.Build.0 = Release|Any CPU
		{C1ABE473-98DE-46D9-8FAB-1F72C607A660}.Debug|Any CPU.ActiveCfg = Debug|Any CPU
		{C1ABE473-98DE-46D9-8FAB-1F72C607A660}.Debug|Any CPU.Build.0 = Debug|Any CPU
		{C1ABE473-98DE-46D9-8FAB-1F72C607A660}.Release|Any CPU.ActiveCfg = Release|Any CPU
		{C1ABE473-98DE-46D9-8FAB-1F72C607A660}.Release|Any CPU.Build.0 = Release|Any CPU
		{F39FD7AC-EBA4-40A5-B2F8-754F45BF8810}.Debug|Any CPU.ActiveCfg = Debug|Any CPU
		{F39FD7AC-EBA4-40A5-B2F8-754F45BF8810}.Debug|Any CPU.Build.0 = Debug|Any CPU
		{F39FD7AC-EBA4-40A5-B2F8-754F45BF8810}.Release|Any CPU.ActiveCfg = Release|Any CPU
		{F39FD7AC-EBA4-40A5-B2F8-754F45BF8810}.Release|Any CPU.Build.0 = Release|Any CPU
	EndGlobalSection
	GlobalSection(SolutionProperties) = preSolution
		HideSolutionNode = FALSE
	EndGlobalSection
	GlobalSection(ExtensibilityGlobals) = postSolution
		SolutionGuid = {393B04C0-3BD2-448C-A725-3AC072158666}
	EndGlobalSection
	GlobalSection(NestedProjects) = preSolution
		{8B06D02D-D355-4583-B7E5-E96CF050CE65} = {4A1850E7-F3F7-41CC-929A-E2C2795AA29E}
		{13C9DEB0-991B-4037-B145-CAF3550C17A6} = {4A1850E7-F3F7-41CC-929A-E2C2795AA29E}
		{BE6EDC4F-D9CF-46D0-9C6F-63CDD53E6793} = {4A1850E7-F3F7-41CC-929A-E2C2795AA29E}
		{1C4838D4-0160-4D16-9055-4DB35F3342FF} = {4A1850E7-F3F7-41CC-929A-E2C2795AA29E}
		{F444B2D7-BE2D-4027-86A3-6D32F4B7CC3B} = {F8B4A107-11AF-4F67-9C2C-0063CF6AFDD5}
		{992C6756-F562-48DB-9DF4-81DFB1FF5C6D} = {F8B4A107-11AF-4F67-9C2C-0063CF6AFDD5}
		{AD438943-2DE2-47C8-92E5-5A3172BCDE04} = {06218549-32FA-4CD4-8091-1AD0C5C87AC3}
		{152DB86F-76A8-4417-B0C1-1323B99D7883} = {06218549-32FA-4CD4-8091-1AD0C5C87AC3}
		{D44472AB-3565-42DD-86B1-FCDCF0D87140} = {06218549-32FA-4CD4-8091-1AD0C5C87AC3}
		{4A1850E7-F3F7-41CC-929A-E2C2795AA29E} = {06218549-32FA-4CD4-8091-1AD0C5C87AC3}
		{C1ABE473-98DE-46D9-8FAB-1F72C607A660} = {3011C5D4-2D55-48DB-9A1F-FD66E0887BDE}
		{F39FD7AC-EBA4-40A5-B2F8-754F45BF8810} = {3011C5D4-2D55-48DB-9A1F-FD66E0887BDE}
		{D3CD1A93-9F80-4E4F-9E79-11435D7DE8E6} = {3011C5D4-2D55-48DB-9A1F-FD66E0887BDE}
	EndGlobalSection
EndGlobal
