
Microsoft Visual Studio Solution File, Format Version 12.00
# Visual Studio Version 16
VisualStudioVersion = 25.0.1700.0
MinimumVisualStudioVersion = 10.0.40219.1
Project("{FAE04EC0-301F-11D3-BF4B-00C04F79EFBC}") = "Accounting.Shared", "Shared\Accounting.Shared.csproj", "{FE5A5A69-89DA-4EDB-8A82-082197F4142A}"
EndProject
Project("{FAE04EC0-301F-11D3-BF4B-00C04F79EFBC}") = "Accounting.Client", "Client\Accounting.Client.csproj", "{D44472AB-3565-42DD-86B1-FCDCF0D87140}"
EndProject
Project("{FAE04EC0-301F-11D3-BF4B-00C04F79EFBC}") = "Accounting.Server", "Server\Accounting.Server.csproj", "{8B06D02D-D355-4583-B7E5-E96CF050CE65}"
EndProject
Project("{FAE04EC0-301F-11D3-BF4B-00C04F79EFBC}") = "Accounting.Specs", "Specs\Accounting.Specs.csproj", "{F2267CC3-C35D-45A9-8856-08B08FC3CFFD}"
EndProject
Global
	GlobalSection(SolutionConfigurationPlatforms) = preSolution
		Debug|Any CPU = Debug|Any CPU
		Release|Any CPU = Release|Any CPU
	EndGlobalSection
	GlobalSection(ProjectConfigurationPlatforms) = postSolution
		{FE5A5A69-89DA-4EDB-8A82-082197F4142A}.Debug|Any CPU.ActiveCfg = Debug|Any CPU
		{FE5A5A69-89DA-4EDB-8A82-082197F4142A}.Debug|Any CPU.Build.0 = Debug|Any CPU
		{FE5A5A69-89DA-4EDB-8A82-082197F4142A}.Release|Any CPU.ActiveCfg = Release|Any CPU
		{FE5A5A69-89DA-4EDB-8A82-082197F4142A}.Release|Any CPU.Build.0 = Release|Any CPU
		{D44472AB-3565-42DD-86B1-FCDCF0D87140}.Debug|Any CPU.ActiveCfg = Debug|Any CPU
		{D44472AB-3565-42DD-86B1-FCDCF0D87140}.Debug|Any CPU.Build.0 = Debug|Any CPU
		{D44472AB-3565-42DD-86B1-FCDCF0D87140}.Release|Any CPU.ActiveCfg = Release|Any CPU
		{D44472AB-3565-42DD-86B1-FCDCF0D87140}.Release|Any CPU.Build.0 = Release|Any CPU
		{8B06D02D-D355-4583-B7E5-E96CF050CE65}.Debug|Any CPU.ActiveCfg = Debug|Any CPU
		{8B06D02D-D355-4583-B7E5-E96CF050CE65}.Debug|Any CPU.Build.0 = Debug|Any CPU
		{8B06D02D-D355-4583-B7E5-E96CF050CE65}.Release|Any CPU.ActiveCfg = Release|Any CPU
		{8B06D02D-D355-4583-B7E5-E96CF050CE65}.Release|Any CPU.Build.0 = Release|Any CPU
		{F2267CC3-C35D-45A9-8856-08B08FC3CFFD}.Debug|Any CPU.ActiveCfg = Debug|Any CPU
		{F2267CC3-C35D-45A9-8856-08B08FC3CFFD}.Debug|Any CPU.Build.0 = Debug|Any CPU
		{F2267CC3-C35D-45A9-8856-08B08FC3CFFD}.Release|Any CPU.ActiveCfg = Release|Any CPU
		{F2267CC3-C35D-45A9-8856-08B08FC3CFFD}.Release|Any CPU.Build.0 = Release|Any CPU
	EndGlobalSection
	GlobalSection(SolutionProperties) = preSolution
		HideSolutionNode = FALSE
	EndGlobalSection
	GlobalSection(ExtensibilityGlobals) = postSolution
		SolutionGuid = {393B04C0-3BD2-448C-A725-3AC072158666}
	EndGlobalSection
EndGlobal
