
Microsoft Visual Studio Solution File, Format Version 12.00
# Visual Studio Version 16
VisualStudioVersion = 25.0.1700.0
MinimumVisualStudioVersion = 10.0.40219.1
Project("{FAE04EC0-301F-11D3-BF4B-00C04F79EFBC}") = "Accounting", "Accounting\Accounting.csproj", "{B89DB0C4-1198-4422-9A1D-0A78257FFE49}"
EndProject
Global
	GlobalSection(SolutionConfigurationPlatforms) = preSolution
		Debug|Any CPU = Debug|Any CPU
		Release|Any CPU = Release|Any CPU
	EndGlobalSection
	GlobalSection(ProjectConfigurationPlatforms) = postSolution
		{B89DB0C4-1198-4422-9A1D-0A78257FFE49}.Debug|Any CPU.ActiveCfg = Debug|Any CPU
		{B89DB0C4-1198-4422-9A1D-0A78257FFE49}.Debug|Any CPU.Build.0 = Debug|Any CPU
		{B89DB0C4-1198-4422-9A1D-0A78257FFE49}.Release|Any CPU.ActiveCfg = Release|Any CPU
		{B89DB0C4-1198-4422-9A1D-0A78257FFE49}.Release|Any CPU.Build.0 = Release|Any CPU
	EndGlobalSection
	GlobalSection(SolutionProperties) = preSolution
		HideSolutionNode = FALSE
	EndGlobalSection
	GlobalSection(ExtensibilityGlobals) = postSolution
		SolutionGuid = {393B04C0-3BD2-448C-A725-3AC072158666}
	EndGlobalSection
EndGlobal
